
Microsoft Visual Studio Solution File, Format Version 12.00
# Visual Studio Version 16
VisualStudioVersion = 16.0.30611.23
MinimumVisualStudioVersion = 10.0.40219.1
Project("{8BC9CEB8-8B4A-11D0-8D11-00A0C91BC942}") = "Z-E", "Z-E\Z-E.vcxproj", "{BC65D1F8-DA69-4178-8DB7-08F25F0D8DE0}"
EndProject
Global
	GlobalSection(SolutionConfigurationPlatforms) = preSolution
		Debug|x64 = Debug|x64
		Debug|x86 = Debug|x86
		Release|x64 = Release|x64
		Release|x86 = Release|x86
	EndGlobalSection
	GlobalSection(ProjectConfigurationPlatforms) = postSolution
		{BC65D1F8-DA69-4178-8DB7-08F25F0D8DE0}.Debug|x64.ActiveCfg = Debug|x64
		{BC65D1F8-DA69-4178-8DB7-08F25F0D8DE0}.Debug|x64.Build.0 = Debug|x64
		{BC65D1F8-DA69-4178-8DB7-08F25F0D8DE0}.Debug|x86.ActiveCfg = Debug|Win32
		{BC65D1F8-DA69-4178-8DB7-08F25F0D8DE0}.Debug|x86.Build.0 = Debug|Win32
		{BC65D1F8-DA69-4178-8DB7-08F25F0D8DE0}.Release|x64.ActiveCfg = Release|x64
		{BC65D1F8-DA69-4178-8DB7-08F25F0D8DE0}.Release|x64.Build.0 = Release|x64
		{BC65D1F8-DA69-4178-8DB7-08F25F0D8DE0}.Release|x86.ActiveCfg = Release|Win32
		{BC65D1F8-DA69-4178-8DB7-08F25F0D8DE0}.Release|x86.Build.0 = Release|Win32
	EndGlobalSection
	GlobalSection(SolutionProperties) = preSolution
		HideSolutionNode = FALSE
	EndGlobalSection
	GlobalSection(ExtensibilityGlobals) = postSolution
		SolutionGuid = {9C89D7EA-F819-43F9-8116-BE2B0B224E12}
	EndGlobalSection
EndGlobal
